// !$*UTF8*$!
{
	archiveVersion = 1;
	classes = {
	};
	objectVersion = 46;
	objects = {

/* Begin PBXBuildFile section */
		DFAE66621A895CBB00E55749 /* PATile.m in Sources */ = {isa = PBXBuildFile; fileRef = DFAE66611A895CBB00E55749 /* PATile.m */; };
		DFAE66661A895F0B00E55749 /* PAFactory.m in Sources */ = {isa = PBXBuildFile; fileRef = DFAE66651A895F0B00E55749 /* PAFactory.m */; };
		DFF48DC81A88A53F00F0E418 /* main.m in Sources */ = {isa = PBXBuildFile; fileRef = DFF48DC71A88A53F00F0E418 /* main.m */; };
		DFF48DCB1A88A53F00F0E418 /* AppDelegate.m in Sources */ = {isa = PBXBuildFile; fileRef = DFF48DCA1A88A53F00F0E418 /* AppDelegate.m */; };
		DFF48DCE1A88A53F00F0E418 /* ViewController.m in Sources */ = {isa = PBXBuildFile; fileRef = DFF48DCD1A88A53F00F0E418 /* ViewController.m */; };
		DFF48DD11A88A53F00F0E418 /* Main.storyboard in Resources */ = {isa = PBXBuildFile; fileRef = DFF48DCF1A88A53F00F0E418 /* Main.storyboard */; };
		DFF48DD31A88A53F00F0E418 /* Images.xcassets in Resources */ = {isa = PBXBuildFile; fileRef = DFF48DD21A88A53F00F0E418 /* Images.xcassets */; };
		DFF48DD61A88A53F00F0E418 /* LaunchScreen.xib in Resources */ = {isa = PBXBuildFile; fileRef = DFF48DD41A88A53F00F0E418 /* LaunchScreen.xib */; };
		DFF48DE21A88A53F00F0E418 /* PirateAdventureTests.m in Sources */ = {isa = PBXBuildFile; fileRef = DFF48DE11A88A53F00F0E418 /* PirateAdventureTests.m */; };
/* End PBXBuildFile section */

/* Begin PBXContainerItemProxy section */
		DFF48DDC1A88A53F00F0E418 /* PBXContainerItemProxy */ = {
			isa = PBXContainerItemProxy;
			containerPortal = DFF48DBA1A88A53F00F0E418 /* Project object */;
			proxyType = 1;
			remoteGlobalIDString = DFF48DC11A88A53F00F0E418;
			remoteInfo = PirateAdventure;
		};
/* End PBXContainerItemProxy section */

/* Begin PBXFileReference section */
		DFAE66601A895CBB00E55749 /* PATile.h */ = {isa = PBXFileReference; fileEncoding = 4; lastKnownFileType = sourcecode.c.h; path = PATile.h; sourceTree = "<group>"; };
		DFAE66611A895CBB00E55749 /* PATile.m */ = {isa = PBXFileReference; fileEncoding = 4; lastKnownFileType = sourcecode.c.objc; path = PATile.m; sourceTree = "<group>"; };
		DFAE66641A895F0B00E55749 /* PAFactory.h */ = {isa = PBXFileReference; fileEncoding = 4; lastKnownFileType = sourcecode.c.h; path = PAFactory.h; sourceTree = "<group>"; };
		DFAE66651A895F0B00E55749 /* PAFactory.m */ = {isa = PBXFileReference; fileEncoding = 4; lastKnownFileType = sourcecode.c.objc; path = PAFactory.m; sourceTree = "<group>"; };
		DFF48DC21A88A53F00F0E418 /* PirateAdventure.app */ = {isa = PBXFileReference; explicitFileType = wrapper.application; includeInIndex = 0; path = PirateAdventure.app; sourceTree = BUILT_PRODUCTS_DIR; };
		DFF48DC61A88A53F00F0E418 /* Info.plist */ = {isa = PBXFileReference; lastKnownFileType = text.plist.xml; path = Info.plist; sourceTree = "<group>"; };
		DFF48DC71A88A53F00F0E418 /* main.m */ = {isa = PBXFileReference; lastKnownFileType = sourcecode.c.objc; path = main.m; sourceTree = "<group>"; };
		DFF48DC91A88A53F00F0E418 /* AppDelegate.h */ = {isa = PBXFileReference; lastKnownFileType = sourcecode.c.h; path = AppDelegate.h; sourceTree = "<group>"; };
		DFF48DCA1A88A53F00F0E418 /* AppDelegate.m */ = {isa = PBXFileReference; lastKnownFileType = sourcecode.c.objc; path = AppDelegate.m; sourceTree = "<group>"; };
		DFF48DCC1A88A53F00F0E418 /* ViewController.h */ = {isa = PBXFileReference; lastKnownFileType = sourcecode.c.h; path = ViewController.h; sourceTree = "<group>"; };
		DFF48DCD1A88A53F00F0E418 /* ViewController.m */ = {isa = PBXFileReference; lastKnownFileType = sourcecode.c.objc; path = ViewController.m; sourceTree = "<group>"; };
		DFF48DD01A88A53F00F0E418 /* Base */ = {isa = PBXFileReference; lastKnownFileType = file.storyboard; name = Base; path = Base.lproj/Main.storyboard; sourceTree = "<group>"; };
		DFF48DD21A88A53F00F0E418 /* Images.xcassets */ = {isa = PBXFileReference; lastKnownFileType = folder.assetcatalog; path = Images.xcassets; sourceTree = "<group>"; };
		DFF48DD51A88A53F00F0E418 /* Base */ = {isa = PBXFileReference; lastKnownFileType = file.xib; name = Base; path = Base.lproj/LaunchScreen.xib; sourceTree = "<group>"; };
		DFF48DDB1A88A53F00F0E418 /* PirateAdventureTests.xctest */ = {isa = PBXFileReference; explicitFileType = wrapper.cfbundle; includeInIndex = 0; path = PirateAdventureTests.xctest; sourceTree = BUILT_PRODUCTS_DIR; };
		DFF48DE01A88A53F00F0E418 /* Info.plist */ = {isa = PBXFileReference; lastKnownFileType = text.plist.xml; path = Info.plist; sourceTree = "<group>"; };
		DFF48DE11A88A53F00F0E418 /* PirateAdventureTests.m */ = {isa = PBXFileReference; lastKnownFileType = sourcecode.c.objc; path = PirateAdventureTests.m; sourceTree = "<group>"; };
/* End PBXFileReference section */

/* Begin PBXFrameworksBuildPhase section */
		DFF48DBF1A88A53F00F0E418 /* Frameworks */ = {
			isa = PBXFrameworksBuildPhase;
			buildActionMask = 2147483647;
			files = (
			);
			runOnlyForDeploymentPostprocessing = 0;
		};
		DFF48DD81A88A53F00F0E418 /* Frameworks */ = {
			isa = PBXFrameworksBuildPhase;
			buildActionMask = 2147483647;
			files = (
			);
			runOnlyForDeploymentPostprocessing = 0;
		};
/* End PBXFrameworksBuildPhase section */

/* Begin PBXGroup section */
		DFAE665F1A895BF000E55749 /* Model */ = {
			isa = PBXGroup;
			children = (
				DFAE66631A895ED700E55749 /* Factory */,
				DFAE66601A895CBB00E55749 /* PATile.h */,
				DFAE66611A895CBB00E55749 /* PATile.m */,
			);
			name = Model;
			sourceTree = "<group>";
		};
		DFAE66631A895ED700E55749 /* Factory */ = {
			isa = PBXGroup;
			children = (
				DFAE66641A895F0B00E55749 /* PAFactory.h */,
				DFAE66651A895F0B00E55749 /* PAFactory.m */,
			);
			name = Factory;
			sourceTree = "<group>";
		};
		DFF48DB91A88A53F00F0E418 = {
			isa = PBXGroup;
			children = (
				DFF48DC41A88A53F00F0E418 /* PirateAdventure */,
				DFF48DDE1A88A53F00F0E418 /* PirateAdventureTests */,
				DFF48DC31A88A53F00F0E418 /* Products */,
			);
			sourceTree = "<group>";
		};
		DFF48DC31A88A53F00F0E418 /* Products */ = {
			isa = PBXGroup;
			children = (
				DFF48DC21A88A53F00F0E418 /* PirateAdventure.app */,
				DFF48DDB1A88A53F00F0E418 /* PirateAdventureTests.xctest */,
			);
			name = Products;
			sourceTree = "<group>";
		};
		DFF48DC41A88A53F00F0E418 /* PirateAdventure */ = {
			isa = PBXGroup;
			children = (
				DFAE665F1A895BF000E55749 /* Model */,
				DFF48DC91A88A53F00F0E418 /* AppDelegate.h */,
				DFF48DCA1A88A53F00F0E418 /* AppDelegate.m */,
				DFF48DCC1A88A53F00F0E418 /* ViewController.h */,
				DFF48DCD1A88A53F00F0E418 /* ViewController.m */,
				DFF48DCF1A88A53F00F0E418 /* Main.storyboard */,
				DFF48DD21A88A53F00F0E418 /* Images.xcassets */,
				DFF48DD41A88A53F00F0E418 /* LaunchScreen.xib */,
				DFF48DC51A88A53F00F0E418 /* Supporting Files */,
			);
			path = PirateAdventure;
			sourceTree = "<group>";
		};
		DFF48DC51A88A53F00F0E418 /* Supporting Files */ = {
			isa = PBXGroup;
			children = (
				DFF48DC61A88A53F00F0E418 /* Info.plist */,
				DFF48DC71A88A53F00F0E418 /* main.m */,
			);
			name = "Supporting Files";
			sourceTree = "<group>";
		};
		DFF48DDE1A88A53F00F0E418 /* PirateAdventureTests */ = {
			isa = PBXGroup;
			children = (
				DFF48DE11A88A53F00F0E418 /* PirateAdventureTests.m */,
				DFF48DDF1A88A53F00F0E418 /* Supporting Files */,
			);
			path = PirateAdventureTests;
			sourceTree = "<group>";
		};
		DFF48DDF1A88A53F00F0E418 /* Supporting Files */ = {
			isa = PBXGroup;
			children = (
				DFF48DE01A88A53F00F0E418 /* Info.plist */,
			);
			name = "Supporting Files";
			sourceTree = "<group>";
		};
/* End PBXGroup section */

/* Begin PBXNativeTarget section */
		DFF48DC11A88A53F00F0E418 /* PirateAdventure */ = {
			isa = PBXNativeTarget;
			buildConfigurationList = DFF48DE51A88A53F00F0E418 /* Build configuration list for PBXNativeTarget "PirateAdventure" */;
			buildPhases = (
				DFF48DBE1A88A53F00F0E418 /* Sources */,
				DFF48DBF1A88A53F00F0E418 /* Frameworks */,
				DFF48DC01A88A53F00F0E418 /* Resources */,
			);
			buildRules = (
			);
			dependencies = (
			);
			name = PirateAdventure;
			productName = PirateAdventure;
			productReference = DFF48DC21A88A53F00F0E418 /* PirateAdventure.app */;
			productType = "com.apple.product-type.application";
		};
		DFF48DDA1A88A53F00F0E418 /* PirateAdventureTests */ = {
			isa = PBXNativeTarget;
			buildConfigurationList = DFF48DE81A88A53F00F0E418 /* Build configuration list for PBXNativeTarget "PirateAdventureTests" */;
			buildPhases = (
				DFF48DD71A88A53F00F0E418 /* Sources */,
				DFF48DD81A88A53F00F0E418 /* Frameworks */,
				DFF48DD91A88A53F00F0E418 /* Resources */,
			);
			buildRules = (
			);
			dependencies = (
				DFF48DDD1A88A53F00F0E418 /* PBXTargetDependency */,
			);
			name = PirateAdventureTests;
			productName = PirateAdventureTests;
			productReference = DFF48DDB1A88A53F00F0E418 /* PirateAdventureTests.xctest */;
			productType = "com.apple.product-type.bundle.unit-test";
		};
/* End PBXNativeTarget section */

/* Begin PBXProject section */
		DFF48DBA1A88A53F00F0E418 /* Project object */ = {
			isa = PBXProject;
			attributes = {
				LastUpgradeCheck = 0610;
				ORGANIZATIONNAME = Maptier;
				TargetAttributes = {
					DFF48DC11A88A53F00F0E418 = {
						CreatedOnToolsVersion = 6.1.1;
					};
					DFF48DDA1A88A53F00F0E418 = {
						CreatedOnToolsVersion = 6.1.1;
						TestTargetID = DFF48DC11A88A53F00F0E418;
					};
				};
			};
			buildConfigurationList = DFF48DBD1A88A53F00F0E418 /* Build configuration list for PBXProject "PirateAdventure" */;
			compatibilityVersion = "Xcode 3.2";
			developmentRegion = English;
			hasScannedForEncodings = 0;
			knownRegions = (
				en,
				Base,
			);
			mainGroup = DFF48DB91A88A53F00F0E418;
			productRefGroup = DFF48DC31A88A53F00F0E418 /* Products */;
			projectDirPath = "";
			projectRoot = "";
			targets = (
				DFF48DC11A88A53F00F0E418 /* PirateAdventure */,
				DFF48DDA1A88A53F00F0E418 /* PirateAdventureTests */,
			);
		};
/* End PBXProject section */

/* Begin PBXResourcesBuildPhase section */
		DFF48DC01A88A53F00F0E418 /* Resources */ = {
			isa = PBXResourcesBuildPhase;
			buildActionMask = 2147483647;
			files = (
				DFF48DD11A88A53F00F0E418 /* Main.storyboard in Resources */,
				DFF48DD61A88A53F00F0E418 /* LaunchScreen.xib in Resources */,
				DFF48DD31A88A53F00F0E418 /* Images.xcassets in Resources */,
			);
			runOnlyForDeploymentPostprocessing = 0;
		};
		DFF48DD91A88A53F00F0E418 /* Resources */ = {
			isa = PBXResourcesBuildPhase;
			buildActionMask = 2147483647;
			files = (
			);
			runOnlyForDeploymentPostprocessing = 0;
		};
/* End PBXResourcesBuildPhase section */

/* Begin PBXSourcesBuildPhase section */
		DFF48DBE1A88A53F00F0E418 /* Sources */ = {
			isa = PBXSourcesBuildPhase;
			buildActionMask = 2147483647;
			files = (
				DFF48DCE1A88A53F00F0E418 /* ViewController.m in Sources */,
				DFAE66661A895F0B00E55749 /* PAFactory.m in Sources */,
				DFF48DCB1A88A53F00F0E418 /* AppDelegate.m in Sources */,
				DFAE66621A895CBB00E55749 /* PATile.m in Sources */,
				DFF48DC81A88A53F00F0E418 /* main.m in Sources */,
			);
			runOnlyForDeploymentPostprocessing = 0;
		};
		DFF48DD71A88A53F00F0E418 /* Sources */ = {
			isa = PBXSourcesBuildPhase;
			buildActionMask = 2147483647;
			files = (
				DFF48DE21A88A53F00F0E418 /* PirateAdventureTests.m in Sources */,
			);
			runOnlyForDeploymentPostprocessing = 0;
		};
/* End PBXSourcesBuildPhase section */

/* Begin PBXTargetDependency section */
		DFF48DDD1A88A53F00F0E418 /* PBXTargetDependency */ = {
			isa = PBXTargetDependency;
			target = DFF48DC11A88A53F00F0E418 /* PirateAdventure */;
			targetProxy = DFF48DDC1A88A53F00F0E418 /* PBXContainerItemProxy */;
		};
/* End PBXTargetDependency section */

/* Begin PBXVariantGroup section */
		DFF48DCF1A88A53F00F0E418 /* Main.storyboard */ = {
			isa = PBXVariantGroup;
			children = (
				DFF48DD01A88A53F00F0E418 /* Base */,
			);
			name = Main.storyboard;
			sourceTree = "<group>";
		};
		DFF48DD41A88A53F00F0E418 /* LaunchScreen.xib */ = {
			isa = PBXVariantGroup;
			children = (
				DFF48DD51A88A53F00F0E418 /* Base */,
			);
			name = LaunchScreen.xib;
			sourceTree = "<group>";
		};
/* End PBXVariantGroup section */

/* Begin XCBuildConfiguration section */
		DFF48DE31A88A53F00F0E418 /* Debug */ = {
			isa = XCBuildConfiguration;
			buildSettings = {
				ALWAYS_SEARCH_USER_PATHS = NO;
				CLANG_CXX_LANGUAGE_STANDARD = "gnu++0x";
				CLANG_CXX_LIBRARY = "libc++";
				CLANG_ENABLE_MODULES = YES;
				CLANG_ENABLE_OBJC_ARC = YES;
				CLANG_WARN_BOOL_CONVERSION = YES;
				CLANG_WARN_CONSTANT_CONVERSION = YES;
				CLANG_WARN_DIRECT_OBJC_ISA_USAGE = YES_ERROR;
				CLANG_WARN_EMPTY_BODY = YES;
				CLANG_WARN_ENUM_CONVERSION = YES;
				CLANG_WARN_INT_CONVERSION = YES;
				CLANG_WARN_OBJC_ROOT_CLASS = YES_ERROR;
				CLANG_WARN_UNREACHABLE_CODE = YES;
				CLANG_WARN__DUPLICATE_METHOD_MATCH = YES;
				"CODE_SIGN_IDENTITY[sdk=iphoneos*]" = "iPhone Developer";
				COPY_PHASE_STRIP = NO;
				ENABLE_STRICT_OBJC_MSGSEND = YES;
				GCC_C_LANGUAGE_STANDARD = gnu99;
				GCC_DYNAMIC_NO_PIC = NO;
				GCC_OPTIMIZATION_LEVEL = 0;
				GCC_PREPROCESSOR_DEFINITIONS = (
					"DEBUG=1",
					"$(inherited)",
				);
				GCC_SYMBOLS_PRIVATE_EXTERN = NO;
				GCC_WARN_64_TO_32_BIT_CONVERSION = YES;
				GCC_WARN_ABOUT_RETURN_TYPE = YES_ERROR;
				GCC_WARN_UNDECLARED_SELECTOR = YES;
				GCC_WARN_UNINITIALIZED_AUTOS = YES_AGGRESSIVE;
				GCC_WARN_UNUSED_FUNCTION = YES;
				GCC_WARN_UNUSED_VARIABLE = YES;
				IPHONEOS_DEPLOYMENT_TARGET = 8.1;
				MTL_ENABLE_DEBUG_INFO = YES;
				ONLY_ACTIVE_ARCH = YES;
				SDKROOT = iphoneos;
			};
			name = Debug;
		};
		DFF48DE41A88A53F00F0E418 /* Release */ = {
			isa = XCBuildConfiguration;
			buildSettings = {
				ALWAYS_SEARCH_USER_PATHS = NO;
				CLANG_CXX_LANGUAGE_STANDARD = "gnu++0x";
				CLANG_CXX_LIBRARY = "libc++";
				CLANG_ENABLE_MODULES = YES;
				CLANG_ENABLE_OBJC_ARC = YES;
				CLANG_WARN_BOOL_CONVERSION = YES;
				CLANG_WARN_CONSTANT_CONVERSION = YES;
				CLANG_WARN_DIRECT_OBJC_ISA_USAGE = YES_ERROR;
				CLANG_WARN_EMPTY_BODY = YES;
				CLANG_WARN_ENUM_CONVERSION = YES;
				CLANG_WARN_INT_CONVERSION = YES;
				CLANG_WARN_OBJC_ROOT_CLASS = YES_ERROR;
				CLANG_WARN_UNREACHABLE_CODE = YES;
				CLANG_WARN__DUPLICATE_METHOD_MATCH = YES;
				"CODE_SIGN_IDENTITY[sdk=iphoneos*]" = "iPhone Developer";
				COPY_PHASE_STRIP = YES;
				ENABLE_NS_ASSERTIONS = NO;
				ENABLE_STRICT_OBJC_MSGSEND = YES;
				GCC_C_LANGUAGE_STANDARD = gnu99;
				GCC_WARN_64_TO_32_BIT_CONVERSION = YES;
				GCC_WARN_ABOUT_RETURN_TYPE = YES_ERROR;
				GCC_WARN_UNDECLARED_SELECTOR = YES;
				GCC_WARN_UNINITIALIZED_AUTOS = YES_AGGRESSIVE;
				GCC_WARN_UNUSED_FUNCTION = YES;
				GCC_WARN_UNUSED_VARIABLE = YES;
				IPHONEOS_DEPLOYMENT_TARGET = 8.1;
				MTL_ENABLE_DEBUG_INFO = NO;
				SDKROOT = iphoneos;
				VALIDATE_PRODUCT = YES;
			};
			name = Release;
		};
		DFF48DE61A88A53F00F0E418 /* Debug */ = {
			isa = XCBuildConfiguration;
			buildSettings = {
				ASSETCATALOG_COMPILER_APPICON_NAME = AppIcon;
				INFOPLIST_FILE = PirateAdventure/Info.plist;
				LD_RUNPATH_SEARCH_PATHS = "$(inherited) @executable_path/Frameworks";
				PRODUCT_NAME = "$(TARGET_NAME)";
			};
			name = Debug;
		};
		DFF48DE71A88A53F00F0E418 /* Release */ = {
			isa = XCBuildConfiguration;
			buildSettings = {
				ASSETCATALOG_COMPILER_APPICON_NAME = AppIcon;
				INFOPLIST_FILE = PirateAdventure/Info.plist;
				LD_RUNPATH_SEARCH_PATHS = "$(inherited) @executable_path/Frameworks";
				PRODUCT_NAME = "$(TARGET_NAME)";
			};
			name = Release;
		};
		DFF48DE91A88A53F00F0E418 /* Debug */ = {
			isa = XCBuildConfiguration;
			buildSettings = {
				BUNDLE_LOADER = "$(TEST_HOST)";
				FRAMEWORK_SEARCH_PATHS = (
					"$(SDKROOT)/Developer/Library/Frameworks",
					"$(inherited)",
				);
				GCC_PREPROCESSOR_DEFINITIONS = (
					"DEBUG=1",
					"$(inherited)",
				);
				INFOPLIST_FILE = PirateAdventureTests/Info.plist;
				LD_RUNPATH_SEARCH_PATHS = "$(inherited) @executable_path/Frameworks @loader_path/Frameworks";
				PRODUCT_NAME = "$(TARGET_NAME)";
				TEST_HOST = "$(BUILT_PRODUCTS_DIR)/PirateAdventure.app/PirateAdventure";
			};
			name = Debug;
		};
		DFF48DEA1A88A53F00F0E418 /* Release */ = {
			isa = XCBuildConfiguration;
			buildSettings = {
				BUNDLE_LOADER = "$(TEST_HOST)";
				FRAMEWORK_SEARCH_PATHS = (
					"$(SDKROOT)/Developer/Library/Frameworks",
					"$(inherited)",
				);
				INFOPLIST_FILE = PirateAdventureTests/Info.plist;
				LD_RUNPATH_SEARCH_PATHS = "$(inherited) @executable_path/Frameworks @loader_path/Frameworks";
				PRODUCT_NAME = "$(TARGET_NAME)";
				TEST_HOST = "$(BUILT_PRODUCTS_DIR)/PirateAdventure.app/PirateAdventure";
			};
			name = Release;
		};
/* End XCBuildConfiguration section */

/* Begin XCConfigurationList section */
		DFF48DBD1A88A53F00F0E418 /* Build configuration list for PBXProject "PirateAdventure" */ = {
			isa = XCConfigurationList;
			buildConfigurations = (
				DFF48DE31A88A53F00F0E418 /* Debug */,
				DFF48DE41A88A53F00F0E418 /* Release */,
			);
			defaultConfigurationIsVisible = 0;
			defaultConfigurationName = Release;
		};
		DFF48DE51A88A53F00F0E418 /* Build configuration list for PBXNativeTarget "PirateAdventure" */ = {
			isa = XCConfigurationList;
			buildConfigurations = (
				DFF48DE61A88A53F00F0E418 /* Debug */,
				DFF48DE71A88A53F00F0E418 /* Release */,
			);
			defaultConfigurationIsVisible = 0;
			defaultConfigurationName = Release;
		};
		DFF48DE81A88A53F00F0E418 /* Build configuration list for PBXNativeTarget "PirateAdventureTests" */ = {
			isa = XCConfigurationList;
			buildConfigurations = (
				DFF48DE91A88A53F00F0E418 /* Debug */,
				DFF48DEA1A88A53F00F0E418 /* Release */,
			);
			defaultConfigurationIsVisible = 0;
			defaultConfigurationName = Release;
		};
/* End XCConfigurationList section */
	};
	rootObject = DFF48DBA1A88A53F00F0E418 /* Project object */;
}
